
Microsoft Visual Studio Solution File, Format Version 12.00
# Visual Studio Version 16
VisualStudioVersion = 16.0.31424.327
MinimumVisualStudioVersion = 10.0.40219.1
Project("{FAE04EC0-301F-11D3-BF4B-00C04F79EFBC}") = "PixelatedUtilities", "TypeManipulation\PixelatedUtilities.csproj", "{64835BEF-6EB2-471D-B1D1-69F601380D9D}"
EndProject
Project("{FAE04EC0-301F-11D3-BF4B-00C04F79EFBC}") = "Test", "Test\Test.csproj", "{9D94E5A9-FDAB-4F7E-8F6A-48C51DFB6341}"
EndProject
Global
	GlobalSection(SolutionConfigurationPlatforms) = preSolution
		Debug|Any CPU = Debug|Any CPU
		Release|Any CPU = Release|Any CPU
	EndGlobalSection
	GlobalSection(ProjectConfigurationPlatforms) = postSolution
		{64835BEF-6EB2-471D-B1D1-69F601380D9D}.Debug|Any CPU.ActiveCfg = Debug|Any CPU
		{64835BEF-6EB2-471D-B1D1-69F601380D9D}.Debug|Any CPU.Build.0 = Debug|Any CPU
		{64835BEF-6EB2-471D-B1D1-69F601380D9D}.Release|Any CPU.ActiveCfg = Release|Any CPU
		{64835BEF-6EB2-471D-B1D1-69F601380D9D}.Release|Any CPU.Build.0 = Release|Any CPU
		{9D94E5A9-FDAB-4F7E-8F6A-48C51DFB6341}.Debug|Any CPU.ActiveCfg = Debug|Any CPU
		{9D94E5A9-FDAB-4F7E-8F6A-48C51DFB6341}.Debug|Any CPU.Build.0 = Debug|Any CPU
		{9D94E5A9-FDAB-4F7E-8F6A-48C51DFB6341}.Release|Any CPU.ActiveCfg = Release|Any CPU
		{9D94E5A9-FDAB-4F7E-8F6A-48C51DFB6341}.Release|Any CPU.Build.0 = Release|Any CPU
	EndGlobalSection
	GlobalSection(SolutionProperties) = preSolution
		HideSolutionNode = FALSE
	EndGlobalSection
	GlobalSection(ExtensibilityGlobals) = postSolution
		SolutionGuid = {A6A50462-F4ED-4522-BF2A-1783AAF3E9F5}
	EndGlobalSection
EndGlobal
